<?xml version="1.0" encoding="UTF-8"?>
<!--
  Mobile Factory M4 – Shared Xcode Scheme "App".

  Diese Datei wurde NICHT interaktiv in Xcode erzeugt, sondern von Hand nach
  dem Standard-Capacitor-iOS-Template nachgebaut, siehe
  ARCHITECTURE_APP_FACTORY.md §7l. Grund: `cap add ios` legt für den
  Einzel-Target "App" standardmäßig keinen "Shared" Scheme an (nur eine
  User-lokale, nicht committete Xcode-Einstellung). Ohne einen im Repo
  liegenden Shared-Scheme kann `xcodebuild -scheme App` in GitHub Actions
  (macOS-Runner ohne je geöffnetes Xcode-Projekt) den Scheme nicht finden.

  Die referenzierten IDs (BlueprintIdentifier 504EC3031FED79650016851F für
  den "App"-Target und der Projekt-Root 504EC2FC1FED79650016851F) sind KEINE
  zufällig gewählten Werte, sondern exakt die festen UUIDs aus dem von
  `@capacitor/ios` generierten `project.pbxproj` (Capacitor verwendet seit
  Jahren dieselben fixen Platzhalter-UUIDs für sein Standard-iOS-Template).
  Falls diese Datei jemals nicht mehr zum aktuellen `project.pbxproj` passt
  (z. B. nach einem Target-Umbau), meldet `xcodebuild` einen klaren Fehler
  ("scheme not found" oder "no such buildable") – in diesem Fall den Scheme
  einmalig regulär in Xcode neu anlegen/freigeben und diese Datei ersetzen.
-->
<Scheme
   LastUpgradeVersion = "1500"
   version = "1.7">
   <BuildAction
      parallelizeBuildables = "YES"
      buildImplicitDependencies = "YES">
      <BuildActionEntries>
         <BuildActionEntry
            buildForTesting = "YES"
            buildForRunning = "YES"
            buildForProfiling = "YES"
            buildForArchiving = "YES"
            buildForAnalyzing = "YES">
            <BuildableReference
               BuildableIdentifier = "primary"
               BlueprintIdentifier = "504EC3031FED79650016851F"
               BuildableName = "App.app"
               BlueprintName = "App"
               ReferencedContainer = "container:App.xcodeproj">
            </BuildableReference>
         </BuildActionEntry>
      </BuildActionEntries>
   </BuildAction>
   <TestAction
      buildConfiguration = "Debug"
      selectedDebuggerIdentifier = "Xcode.DebuggerFoundation.Debugger.LLDB"
      selectedLauncherIdentifier = "Xcode.DebuggerFoundation.Launcher.LLDB"
      shouldUseLaunchSchemeArgsEnv = "YES">
      <Testables>
      </Testables>
   </TestAction>
   <LaunchAction
      buildConfiguration = "Debug"
      selectedDebuggerIdentifier = "Xcode.DebuggerFoundation.Debugger.LLDB"
      selectedLauncherIdentifier = "Xcode.DebuggerFoundation.Launcher.LLDB"
      launchStyle = "0"
      useCustomWorkingDirectory = "NO"
      ignoresPersistentStateOnLaunch = "NO"
      debugDocumentVersioning = "YES"
      debugServiceExtension = "internal"
      allowLocationSimulation = "YES">
      <BuildableProductRunnable
         runnableDebuggingMode = "0">
         <BuildableReference
            BuildableIdentifier = "primary"
            BlueprintIdentifier = "504EC3031FED79650016851F"
            BuildableName = "App.app"
            BlueprintName = "App"
            ReferencedContainer = "container:App.xcodeproj">
         </BuildableReference>
      </BuildableProductRunnable>
   </LaunchAction>
   <ProfileAction
      buildConfiguration = "Release"
      shouldUseLaunchSchemeArgsEnv = "YES"
      savedToolIdentifier = ""
      useCustomWorkingDirectory = "NO"
      debugDocumentVersioning = "YES">
      <BuildableProductRunnable
         runnableDebuggingMode = "0">
         <BuildableReference
            BuildableIdentifier = "primary"
            BlueprintIdentifier = "504EC3031FED79650016851F"
            BuildableName = "App.app"
            BlueprintName = "App"
            ReferencedContainer = "container:App.xcodeproj">
         </BuildableReference>
      </BuildableProductRunnable>
   </ProfileAction>
   <AnalyzeAction
      buildConfiguration = "Debug">
   </AnalyzeAction>
   <ArchiveAction
      buildConfiguration = "Release"
      revealArchiveInOrganizer = "YES">
   </ArchiveAction>
</Scheme>
